
Microsoft Visual Studio Solution File, Format Version 12.00
# Visual Studio 15
VisualStudioVersion = 15.0.27130.2010
MinimumVisualStudioVersion = 10.0.40219.1
Project("{FAE04EC0-301F-11D3-BF4B-00C04F79EFBC}") = "LispS", "LispS\LispS.csproj", "{565E8068-1264-45E0-9B06-563DF5DFA847}"
EndProject
Global
	GlobalSection(SolutionConfigurationPlatforms) = preSolution
		Debug|Any CPU = Debug|Any CPU
		Release|Any CPU = Release|Any CPU
	EndGlobalSection
	GlobalSection(ProjectConfigurationPlatforms) = postSolution
		{565E8068-1264-45E0-9B06-563DF5DFA847}.Debug|Any CPU.ActiveCfg = Debug|Any CPU
		{565E8068-1264-45E0-9B06-563DF5DFA847}.Debug|Any CPU.Build.0 = Debug|Any CPU
		{565E8068-1264-45E0-9B06-563DF5DFA847}.Release|Any CPU.ActiveCfg = Release|Any CPU
		{565E8068-1264-45E0-9B06-563DF5DFA847}.Release|Any CPU.Build.0 = Release|Any CPU
	EndGlobalSection
	GlobalSection(SolutionProperties) = preSolution
		HideSolutionNode = FALSE
	EndGlobalSection
	GlobalSection(ExtensibilityGlobals) = postSolution
		SolutionGuid = {5AF83FE8-5564-482A-BEFE-16626B865D44}
	EndGlobalSection
EndGlobal
